
Microsoft Visual Studio Solution File, Format Version 12.00
# Visual Studio Version 16
VisualStudioVersion = 16.0.29806.167
MinimumVisualStudioVersion = 10.0.40219.1
Project("{FAE04EC0-301F-11D3-BF4B-00C04F79EFBC}") = "AnythingButCreed", "AnythingButCreed\AnythingButCreed.csproj", "{075E42BF-73CE-420E-8A24-E9FF89C023DA}"
EndProject
Global
	GlobalSection(SolutionConfigurationPlatforms) = preSolution
		Debug|Any CPU = Debug|Any CPU
		Release|Any CPU = Release|Any CPU
	EndGlobalSection
	GlobalSection(ProjectConfigurationPlatforms) = postSolution
		{075E42BF-73CE-420E-8A24-E9FF89C023DA}.Debug|Any CPU.ActiveCfg = Debug|Any CPU
		{075E42BF-73CE-420E-8A24-E9FF89C023DA}.Debug|Any CPU.Build.0 = Debug|Any CPU
		{075E42BF-73CE-420E-8A24-E9FF89C023DA}.Release|Any CPU.ActiveCfg = Release|Any CPU
		{075E42BF-73CE-420E-8A24-E9FF89C023DA}.Release|Any CPU.Build.0 = Release|Any CPU
	EndGlobalSection
	GlobalSection(SolutionProperties) = preSolution
		HideSolutionNode = FALSE
	EndGlobalSection
	GlobalSection(ExtensibilityGlobals) = postSolution
		SolutionGuid = {F8FC525D-1266-4041-9232-BE2F4FA7B072}
	EndGlobalSection
EndGlobal
